
Microsoft Visual Studio Solution File, Format Version 12.00
# Visual Studio Version 17
VisualStudioVersion = 17.7.34024.191
MinimumVisualStudioVersion = 10.0.40219.1
Project("{FAE04EC0-301F-11D3-BF4B-00C04F79EFBC}") = "Hotel Room", "Hotel Room\Hotel Room.csproj", "{D25D00D0-76B1-467B-A35D-8F894601B021}"
EndProject
Project("{FAE04EC0-301F-11D3-BF4B-00C04F79EFBC}") = "OnTimeForExam", "..\OnTimeForExam\OnTimeForExam.csproj", "{1119AE28-713C-4EA9-96E0-EA44009BC6F5}"
EndProject
Project("{FAE04EC0-301F-11D3-BF4B-00C04F79EFBC}") = "Ski Holiday", "..\Ski Holiday\Ski Holiday.csproj", "{3D264E94-26FD-4EAA-BD29-34A0420AAFAF}"
EndProject
Global
	GlobalSection(SolutionConfigurationPlatforms) = preSolution
		Debug|Any CPU = Debug|Any CPU
		Release|Any CPU = Release|Any CPU
	EndGlobalSection
	GlobalSection(ProjectConfigurationPlatforms) = postSolution
		{D25D00D0-76B1-467B-A35D-8F894601B021}.Debug|Any CPU.ActiveCfg = Debug|Any CPU
		{D25D00D0-76B1-467B-A35D-8F894601B021}.Debug|Any CPU.Build.0 = Debug|Any CPU
		{D25D00D0-76B1-467B-A35D-8F894601B021}.Release|Any CPU.ActiveCfg = Release|Any CPU
		{D25D00D0-76B1-467B-A35D-8F894601B021}.Release|Any CPU.Build.0 = Release|Any CPU
		{1119AE28-713C-4EA9-96E0-EA44009BC6F5}.Debug|Any CPU.ActiveCfg = Debug|Any CPU
		{1119AE28-713C-4EA9-96E0-EA44009BC6F5}.Debug|Any CPU.Build.0 = Debug|Any CPU
		{1119AE28-713C-4EA9-96E0-EA44009BC6F5}.Release|Any CPU.ActiveCfg = Release|Any CPU
		{1119AE28-713C-4EA9-96E0-EA44009BC6F5}.Release|Any CPU.Build.0 = Release|Any CPU
		{3D264E94-26FD-4EAA-BD29-34A0420AAFAF}.Debug|Any CPU.ActiveCfg = Debug|Any CPU
		{3D264E94-26FD-4EAA-BD29-34A0420AAFAF}.Debug|Any CPU.Build.0 = Debug|Any CPU
		{3D264E94-26FD-4EAA-BD29-34A0420AAFAF}.Release|Any CPU.ActiveCfg = Release|Any CPU
		{3D264E94-26FD-4EAA-BD29-34A0420AAFAF}.Release|Any CPU.Build.0 = Release|Any CPU
	EndGlobalSection
	GlobalSection(SolutionProperties) = preSolution
		HideSolutionNode = FALSE
	EndGlobalSection
	GlobalSection(ExtensibilityGlobals) = postSolution
		SolutionGuid = {F2C0B7F4-09C8-4627-8E38-300A2FD2DA65}
	EndGlobalSection
EndGlobal
