
Microsoft Visual Studio Solution File, Format Version 12.00
# Visual Studio Version 17
VisualStudioVersion = 17.6.33829.357
MinimumVisualStudioVersion = 10.0.40219.1
Project("{FAE04EC0-301F-11D3-BF4B-00C04F79EFBC}") = "TextReading", "TextReading\TextReading.csproj", "{F35F04D3-7C59-469F-B35E-C625DF8D2CEC}"
EndProject
Global
	GlobalSection(SolutionConfigurationPlatforms) = preSolution
		Debug|Any CPU = Debug|Any CPU
		Release|Any CPU = Release|Any CPU
	EndGlobalSection
	GlobalSection(ProjectConfigurationPlatforms) = postSolution
		{F35F04D3-7C59-469F-B35E-C625DF8D2CEC}.Debug|Any CPU.ActiveCfg = Debug|Any CPU
		{F35F04D3-7C59-469F-B35E-C625DF8D2CEC}.Debug|Any CPU.Build.0 = Debug|Any CPU
		{F35F04D3-7C59-469F-B35E-C625DF8D2CEC}.Release|Any CPU.ActiveCfg = Release|Any CPU
		{F35F04D3-7C59-469F-B35E-C625DF8D2CEC}.Release|Any CPU.Build.0 = Release|Any CPU
	EndGlobalSection
	GlobalSection(SolutionProperties) = preSolution
		HideSolutionNode = FALSE
	EndGlobalSection
	GlobalSection(ExtensibilityGlobals) = postSolution
		SolutionGuid = {4A7125C2-85C7-4769-8D67-481D47E12BAC}
	EndGlobalSection
EndGlobal
